// !$*UTF8*$!
{
	archiveVersion = 1;
	classes = {
	};
	objectVersion = 50;
	objects = {

/* Begin PBXBuildFile section */
		7A0610C221B8BC6800029DCA /* AppDelegate.m in Sources */ = {isa = PBXBuildFile; fileRef = 7A0610C121B8BC6800029DCA /* AppDelegate.m */; };
		7A0610C521B8BC6800029DCA /* ViewController.m in Sources */ = {isa = PBXBuildFile; fileRef = 7A0610C421B8BC6800029DCA /* ViewController.m */; };
		7A0610C821B8BC6800029DCA /* Main.storyboard in Resources */ = {isa = PBXBuildFile; fileRef = 7A0610C621B8BC6800029DCA /* Main.storyboard */; };
		7A0610CA21B8BC6900029DCA /* Assets.xcassets in Resources */ = {isa = PBXBuildFile; fileRef = 7A0610C921B8BC6900029DCA /* Assets.xcassets */; };
		7A0610CD21B8BC6900029DCA /* LaunchScreen.storyboard in Resources */ = {isa = PBXBuildFile; fileRef = 7A0610CB21B8BC6900029DCA /* LaunchScreen.storyboard */; };
		7A0610D021B8BC6900029DCA /* main.m in Sources */ = {isa = PBXBuildFile; fileRef = 7A0610CF21B8BC6900029DCA /* main.m */; };
		7A0610DA21B8BC6900029DCA /* AnimationTests.m in Sources */ = {isa = PBXBuildFile; fileRef = 7A0610D921B8BC6900029DCA /* AnimationTests.m */; };
		7A0610E521B8BC6900029DCA /* AnimationUITests.m in Sources */ = {isa = PBXBuildFile; fileRef = 7A0610E421B8BC6900029DCA /* AnimationUITests.m */; };
/* End PBXBuildFile section */

/* Begin PBXContainerItemProxy section */
		7A0610D621B8BC6900029DCA /* PBXContainerItemProxy */ = {
			isa = PBXContainerItemProxy;
			containerPortal = 7A0610B521B8BC6800029DCA /* Project object */;
			proxyType = 1;
			remoteGlobalIDString = 7A0610BC21B8BC6800029DCA;
			remoteInfo = Animation;
		};
		7A0610E121B8BC6900029DCA /* PBXContainerItemProxy */ = {
			isa = PBXContainerItemProxy;
			containerPortal = 7A0610B521B8BC6800029DCA /* Project object */;
			proxyType = 1;
			remoteGlobalIDString = 7A0610BC21B8BC6800029DCA;
			remoteInfo = Animation;
		};
/* End PBXContainerItemProxy section */

/* Begin PBXFileReference section */
		7A0610BD21B8BC6800029DCA /* Animation.app */ = {isa = PBXFileReference; explicitFileType = wrapper.application; includeInIndex = 0; path = Animation.app; sourceTree = BUILT_PRODUCTS_DIR; };
		7A0610C021B8BC6800029DCA /* AppDelegate.h */ = {isa = PBXFileReference; lastKnownFileType = sourcecode.c.h; path = AppDelegate.h; sourceTree = "<group>"; };
		7A0610C121B8BC6800029DCA /* AppDelegate.m */ = {isa = PBXFileReference; lastKnownFileType = sourcecode.c.objc; path = AppDelegate.m; sourceTree = "<group>"; };
		7A0610C321B8BC6800029DCA /* ViewController.h */ = {isa = PBXFileReference; lastKnownFileType = sourcecode.c.h; path = ViewController.h; sourceTree = "<group>"; };
		7A0610C421B8BC6800029DCA /* ViewController.m */ = {isa = PBXFileReference; lastKnownFileType = sourcecode.c.objc; path = ViewController.m; sourceTree = "<group>"; };
		7A0610C721B8BC6800029DCA /* Base */ = {isa = PBXFileReference; lastKnownFileType = file.storyboard; name = Base; path = Base.lproj/Main.storyboard; sourceTree = "<group>"; };
		7A0610C921B8BC6900029DCA /* Assets.xcassets */ = {isa = PBXFileReference; lastKnownFileType = folder.assetcatalog; path = Assets.xcassets; sourceTree = "<group>"; };
		7A0610CC21B8BC6900029DCA /* Base */ = {isa = PBXFileReference; lastKnownFileType = file.storyboard; name = Base; path = Base.lproj/LaunchScreen.storyboard; sourceTree = "<group>"; };
		7A0610CE21B8BC6900029DCA /* Info.plist */ = {isa = PBXFileReference; lastKnownFileType = text.plist.xml; path = Info.plist; sourceTree = "<group>"; };
		7A0610CF21B8BC6900029DCA /* main.m */ = {isa = PBXFileReference; lastKnownFileType = sourcecode.c.objc; path = main.m; sourceTree = "<group>"; };
		7A0610D521B8BC6900029DCA /* AnimationTests.xctest */ = {isa = PBXFileReference; explicitFileType = wrapper.cfbundle; includeInIndex = 0; path = AnimationTests.xctest; sourceTree = BUILT_PRODUCTS_DIR; };
		7A0610D921B8BC6900029DCA /* AnimationTests.m */ = {isa = PBXFileReference; lastKnownFileType = sourcecode.c.objc; path = AnimationTests.m; sourceTree = "<group>"; };
		7A0610DB21B8BC6900029DCA /* Info.plist */ = {isa = PBXFileReference; lastKnownFileType = text.plist.xml; path = Info.plist; sourceTree = "<group>"; };
		7A0610E021B8BC6900029DCA /* AnimationUITests.xctest */ = {isa = PBXFileReference; explicitFileType = wrapper.cfbundle; includeInIndex = 0; path = AnimationUITests.xctest; sourceTree = BUILT_PRODUCTS_DIR; };
		7A0610E421B8BC6900029DCA /* AnimationUITests.m */ = {isa = PBXFileReference; lastKnownFileType = sourcecode.c.objc; path = AnimationUITests.m; sourceTree = "<group>"; };
		7A0610E621B8BC6900029DCA /* Info.plist */ = {isa = PBXFileReference; lastKnownFileType = text.plist.xml; path = Info.plist; sourceTree = "<group>"; };
/* End PBXFileReference section */

/* Begin PBXFrameworksBuildPhase section */
		7A0610BA21B8BC6800029DCA /* Frameworks */ = {
			isa = PBXFrameworksBuildPhase;
			buildActionMask = 2147483647;
			files = (
			);
			runOnlyForDeploymentPostprocessing = 0;
		};
		7A0610D221B8BC6900029DCA /* Frameworks */ = {
			isa = PBXFrameworksBuildPhase;
			buildActionMask = 2147483647;
			files = (
			);
			runOnlyForDeploymentPostprocessing = 0;
		};
		7A0610DD21B8BC6900029DCA /* Frameworks */ = {
			isa = PBXFrameworksBuildPhase;
			buildActionMask = 2147483647;
			files = (
			);
			runOnlyForDeploymentPostprocessing = 0;
		};
/* End PBXFrameworksBuildPhase section */

/* Begin PBXGroup section */
		7A0610B421B8BC6800029DCA = {
			isa = PBXGroup;
			children = (
				7A0610BF21B8BC6800029DCA /* Animation */,
				7A0610D821B8BC6900029DCA /* AnimationTests */,
				7A0610E321B8BC6900029DCA /* AnimationUITests */,
				7A0610BE21B8BC6800029DCA /* Products */,
			);
			sourceTree = "<group>";
		};
		7A0610BE21B8BC6800029DCA /* Products */ = {
			isa = PBXGroup;
			children = (
				7A0610BD21B8BC6800029DCA /* Animation.app */,
				7A0610D521B8BC6900029DCA /* AnimationTests.xctest */,
				7A0610E021B8BC6900029DCA /* AnimationUITests.xctest */,
			);
			name = Products;
			sourceTree = "<group>";
		};
		7A0610BF21B8BC6800029DCA /* Animation */ = {
			isa = PBXGroup;
			children = (
				7A0610C021B8BC6800029DCA /* AppDelegate.h */,
				7A0610C121B8BC6800029DCA /* AppDelegate.m */,
				7A0610C321B8BC6800029DCA /* ViewController.h */,
				7A0610C421B8BC6800029DCA /* ViewController.m */,
				7A0610C621B8BC6800029DCA /* Main.storyboard */,
				7A0610C921B8BC6900029DCA /* Assets.xcassets */,
				7A0610CB21B8BC6900029DCA /* LaunchScreen.storyboard */,
				7A0610CE21B8BC6900029DCA /* Info.plist */,
				7A0610CF21B8BC6900029DCA /* main.m */,
			);
			path = Animation;
			sourceTree = "<group>";
		};
		7A0610D821B8BC6900029DCA /* AnimationTests */ = {
			isa = PBXGroup;
			children = (
				7A0610D921B8BC6900029DCA /* AnimationTests.m */,
				7A0610DB21B8BC6900029DCA /* Info.plist */,
			);
			path = AnimationTests;
			sourceTree = "<group>";
		};
		7A0610E321B8BC6900029DCA /* AnimationUITests */ = {
			isa = PBXGroup;
			children = (
				7A0610E421B8BC6900029DCA /* AnimationUITests.m */,
				7A0610E621B8BC6900029DCA /* Info.plist */,
			);
			path = AnimationUITests;
			sourceTree = "<group>";
		};
/* End PBXGroup section */

/* Begin PBXNativeTarget section */
		7A0610BC21B8BC6800029DCA /* Animation */ = {
			isa = PBXNativeTarget;
			buildConfigurationList = 7A0610E921B8BC6900029DCA /* Build configuration list for PBXNativeTarget "Animation" */;
			buildPhases = (
				7A0610B921B8BC6800029DCA /* Sources */,
				7A0610BA21B8BC6800029DCA /* Frameworks */,
				7A0610BB21B8BC6800029DCA /* Resources */,
			);
			buildRules = (
			);
			dependencies = (
			);
			name = Animation;
			productName = Animation;
			productReference = 7A0610BD21B8BC6800029DCA /* Animation.app */;
			productType = "com.apple.product-type.application";
		};
		7A0610D421B8BC6900029DCA /* AnimationTests */ = {
			isa = PBXNativeTarget;
			buildConfigurationList = 7A0610EC21B8BC6900029DCA /* Build configuration list for PBXNativeTarget "AnimationTests" */;
			buildPhases = (
				7A0610D121B8BC6900029DCA /* Sources */,
				7A0610D221B8BC6900029DCA /* Frameworks */,
				7A0610D321B8BC6900029DCA /* Resources */,
			);
			buildRules = (
			);
			dependencies = (
				7A0610D721B8BC6900029DCA /* PBXTargetDependency */,
			);
			name = AnimationTests;
			productName = AnimationTests;
			productReference = 7A0610D521B8BC6900029DCA /* AnimationTests.xctest */;
			productType = "com.apple.product-type.bundle.unit-test";
		};
		7A0610DF21B8BC6900029DCA /* AnimationUITests */ = {
			isa = PBXNativeTarget;
			buildConfigurationList = 7A0610EF21B8BC6900029DCA /* Build configuration list for PBXNativeTarget "AnimationUITests" */;
			buildPhases = (
				7A0610DC21B8BC6900029DCA /* Sources */,
				7A0610DD21B8BC6900029DCA /* Frameworks */,
				7A0610DE21B8BC6900029DCA /* Resources */,
			);
			buildRules = (
			);
			dependencies = (
				7A0610E221B8BC6900029DCA /* PBXTargetDependency */,
			);
			name = AnimationUITests;
			productName = AnimationUITests;
			productReference = 7A0610E021B8BC6900029DCA /* AnimationUITests.xctest */;
			productType = "com.apple.product-type.bundle.ui-testing";
		};
/* End PBXNativeTarget section */

/* Begin PBXProject section */
		7A0610B521B8BC6800029DCA /* Project object */ = {
			isa = PBXProject;
			attributes = {
				LastUpgradeCheck = 1000;
				ORGANIZATIONNAME = LWX;
				TargetAttributes = {
					7A0610BC21B8BC6800029DCA = {
						CreatedOnToolsVersion = 10.0;
					};
					7A0610D421B8BC6900029DCA = {
						CreatedOnToolsVersion = 10.0;
						TestTargetID = 7A0610BC21B8BC6800029DCA;
					};
					7A0610DF21B8BC6900029DCA = {
						CreatedOnToolsVersion = 10.0;
						TestTargetID = 7A0610BC21B8BC6800029DCA;
					};
				};
			};
			buildConfigurationList = 7A0610B821B8BC6800029DCA /* Build configuration list for PBXProject "Animation" */;
			compatibilityVersion = "Xcode 9.3";
			developmentRegion = en;
			hasScannedForEncodings = 0;
			knownRegions = (
				en,
				Base,
			);
			mainGroup = 7A0610B421B8BC6800029DCA;
			productRefGroup = 7A0610BE21B8BC6800029DCA /* Products */;
			projectDirPath = "";
			projectRoot = "";
			targets = (
				7A0610BC21B8BC6800029DCA /* Animation */,
				7A0610D421B8BC6900029DCA /* AnimationTests */,
				7A0610DF21B8BC6900029DCA /* AnimationUITests */,
			);
		};
/* End PBXProject section */

/* Begin PBXResourcesBuildPhase section */
		7A0610BB21B8BC6800029DCA /* Resources */ = {
			isa = PBXResourcesBuildPhase;
			buildActionMask = 2147483647;
			files = (
				7A0610CD21B8BC6900029DCA /* LaunchScreen.storyboard in Resources */,
				7A0610CA21B8BC6900029DCA /* Assets.xcassets in Resources */,
				7A0610C821B8BC6800029DCA /* Main.storyboard in Resources */,
			);
			runOnlyForDeploymentPostprocessing = 0;
		};
		7A0610D321B8BC6900029DCA /* Resources */ = {
			isa = PBXResourcesBuildPhase;
			buildActionMask = 2147483647;
			files = (
			);
			runOnlyForDeploymentPostprocessing = 0;
		};
		7A0610DE21B8BC6900029DCA /* Resources */ = {
			isa = PBXResourcesBuildPhase;
			buildActionMask = 2147483647;
			files = (
			);
			runOnlyForDeploymentPostprocessing = 0;
		};
/* End PBXResourcesBuildPhase section */

/* Begin PBXSourcesBuildPhase section */
		7A0610B921B8BC6800029DCA /* Sources */ = {
			isa = PBXSourcesBuildPhase;
			buildActionMask = 2147483647;
			files = (
				7A0610C521B8BC6800029DCA /* ViewController.m in Sources */,
				7A0610D021B8BC6900029DCA /* main.m in Sources */,
				7A0610C221B8BC6800029DCA /* AppDelegate.m in Sources */,
			);
			runOnlyForDeploymentPostprocessing = 0;
		};
		7A0610D121B8BC6900029DCA /* Sources */ = {
			isa = PBXSourcesBuildPhase;
			buildActionMask = 2147483647;
			files = (
				7A0610DA21B8BC6900029DCA /* AnimationTests.m in Sources */,
			);
			runOnlyForDeploymentPostprocessing = 0;
		};
		7A0610DC21B8BC6900029DCA /* Sources */ = {
			isa = PBXSourcesBuildPhase;
			buildActionMask = 2147483647;
			files = (
				7A0610E521B8BC6900029DCA /* AnimationUITests.m in Sources */,
			);
			runOnlyForDeploymentPostprocessing = 0;
		};
/* End PBXSourcesBuildPhase section */

/* Begin PBXTargetDependency section */
		7A0610D721B8BC6900029DCA /* PBXTargetDependency */ = {
			isa = PBXTargetDependency;
			target = 7A0610BC21B8BC6800029DCA /* Animation */;
			targetProxy = 7A0610D621B8BC6900029DCA /* PBXContainerItemProxy */;
		};
		7A0610E221B8BC6900029DCA /* PBXTargetDependency */ = {
			isa = PBXTargetDependency;
			target = 7A0610BC21B8BC6800029DCA /* Animation */;
			targetProxy = 7A0610E121B8BC6900029DCA /* PBXContainerItemProxy */;
		};
/* End PBXTargetDependency section */

/* Begin PBXVariantGroup section */
		7A0610C621B8BC6800029DCA /* Main.storyboard */ = {
			isa = PBXVariantGroup;
			children = (
				7A0610C721B8BC6800029DCA /* Base */,
			);
			name = Main.storyboard;
			sourceTree = "<group>";
		};
		7A0610CB21B8BC6900029DCA /* LaunchScreen.storyboard */ = {
			isa = PBXVariantGroup;
			children = (
				7A0610CC21B8BC6900029DCA /* Base */,
			);
			name = LaunchScreen.storyboard;
			sourceTree = "<group>";
		};
/* End PBXVariantGroup section */

/* Begin XCBuildConfiguration section */
		7A0610E721B8BC6900029DCA /* Debug */ = {
			isa = XCBuildConfiguration;
			buildSettings = {
				ALWAYS_SEARCH_USER_PATHS = NO;
				CLANG_ANALYZER_NONNULL = YES;
				CLANG_ANALYZER_NUMBER_OBJECT_CONVERSION = YES_AGGRESSIVE;
				CLANG_CXX_LANGUAGE_STANDARD = "gnu++14";
				CLANG_CXX_LIBRARY = "libc++";
				CLANG_ENABLE_MODULES = YES;
				CLANG_ENABLE_OBJC_ARC = YES;
				CLANG_ENABLE_OBJC_WEAK = YES;
				CLANG_WARN_BLOCK_CAPTURE_AUTORELEASING = YES;
				CLANG_WARN_BOOL_CONVERSION = YES;
				CLANG_WARN_COMMA = YES;
				CLANG_WARN_CONSTANT_CONVERSION = YES;
				CLANG_WARN_DEPRECATED_OBJC_IMPLEMENTATIONS = YES;
				CLANG_WARN_DIRECT_OBJC_ISA_USAGE = YES_ERROR;
				CLANG_WARN_DOCUMENTATION_COMMENTS = YES;
				CLANG_WARN_EMPTY_BODY = YES;
				CLANG_WARN_ENUM_CONVERSION = YES;
				CLANG_WARN_INFINITE_RECURSION = YES;
				CLANG_WARN_INT_CONVERSION = YES;
				CLANG_WARN_NON_LITERAL_NULL_CONVERSION = YES;
				CLANG_WARN_OBJC_IMPLICIT_RETAIN_SELF = YES;
				CLANG_WARN_OBJC_LITERAL_CONVERSION = YES;
				CLANG_WARN_OBJC_ROOT_CLASS = YES_ERROR;
				CLANG_WARN_RANGE_LOOP_ANALYSIS = YES;
				CLANG_WARN_STRICT_PROTOTYPES = YES;
				CLANG_WARN_SUSPICIOUS_MOVE = YES;
				CLANG_WARN_UNGUARDED_AVAILABILITY = YES_AGGRESSIVE;
				CLANG_WARN_UNREACHABLE_CODE = YES;
				CLANG_WARN__DUPLICATE_METHOD_MATCH = YES;
				CODE_SIGN_IDENTITY = "iPhone Developer";
				COPY_PHASE_STRIP = NO;
				DEBUG_INFORMATION_FORMAT = dwarf;
				ENABLE_STRICT_OBJC_MSGSEND = YES;
				ENABLE_TESTABILITY = YES;
				GCC_C_LANGUAGE_STANDARD = gnu11;
				GCC_DYNAMIC_NO_PIC = NO;
				GCC_NO_COMMON_BLOCKS = YES;
				GCC_OPTIMIZATION_LEVEL = 0;
				GCC_PREPROCESSOR_DEFINITIONS = (
					"DEBUG=1",
					"$(inherited)",
				);
				GCC_WARN_64_TO_32_BIT_CONVERSION = YES;
				GCC_WARN_ABOUT_RETURN_TYPE = YES_ERROR;
				GCC_WARN_UNDECLARED_SELECTOR = YES;
				GCC_WARN_UNINITIALIZED_AUTOS = YES_AGGRESSIVE;
				GCC_WARN_UNUSED_FUNCTION = YES;
				GCC_WARN_UNUSED_VARIABLE = YES;
				IPHONEOS_DEPLOYMENT_TARGET = 12.0;
				MTL_ENABLE_DEBUG_INFO = INCLUDE_SOURCE;
				MTL_FAST_MATH = YES;
				ONLY_ACTIVE_ARCH = YES;
				SDKROOT = iphoneos;
			};
			name = Debug;
		};
		7A0610E821B8BC6900029DCA /* Release */ = {
			isa = XCBuildConfiguration;
			buildSettings = {
				ALWAYS_SEARCH_USER_PATHS = NO;
				CLANG_ANALYZER_NONNULL = YES;
				CLANG_ANALYZER_NUMBER_OBJECT_CONVERSION = YES_AGGRESSIVE;
				CLANG_CXX_LANGUAGE_STANDARD = "gnu++14";
				CLANG_CXX_LIBRARY = "libc++";
				CLANG_ENABLE_MODULES = YES;
				CLANG_ENABLE_OBJC_ARC = YES;
				CLANG_ENABLE_OBJC_WEAK = YES;
				CLANG_WARN_BLOCK_CAPTURE_AUTORELEASING = YES;
				CLANG_WARN_BOOL_CONVERSION = YES;
				CLANG_WARN_COMMA = YES;
				CLANG_WARN_CONSTANT_CONVERSION = YES;
				CLANG_WARN_DEPRECATED_OBJC_IMPLEMENTATIONS = YES;
				CLANG_WARN_DIRECT_OBJC_ISA_USAGE = YES_ERROR;
				CLANG_WARN_DOCUMENTATION_COMMENTS = YES;
				CLANG_WARN_EMPTY_BODY = YES;
				CLANG_WARN_ENUM_CONVERSION = YES;
				CLANG_WARN_INFINITE_RECURSION = YES;
				CLANG_WARN_INT_CONVERSION = YES;
				CLANG_WARN_NON_LITERAL_NULL_CONVERSION = YES;
				CLANG_WARN_OBJC_IMPLICIT_RETAIN_SELF = YES;
				CLANG_WARN_OBJC_LITERAL_CONVERSION = YES;
				CLANG_WARN_OBJC_ROOT_CLASS = YES_ERROR;
				CLANG_WARN_RANGE_LOOP_ANALYSIS = YES;
				CLANG_WARN_STRICT_PROTOTYPES = YES;
				CLANG_WARN_SUSPICIOUS_MOVE = YES;
				CLANG_WARN_UNGUARDED_AVAILABILITY = YES_AGGRESSIVE;
				CLANG_WARN_UNREACHABLE_CODE = YES;
				CLANG_WARN__DUPLICATE_METHOD_MATCH = YES;
				CODE_SIGN_IDENTITY = "iPhone Developer";
				COPY_PHASE_STRIP = NO;
				DEBUG_INFORMATION_FORMAT = "dwarf-with-dsym";
				ENABLE_NS_ASSERTIONS = NO;
				ENABLE_STRICT_OBJC_MSGSEND = YES;
				GCC_C_LANGUAGE_STANDARD = gnu11;
				GCC_NO_COMMON_BLOCKS = YES;
				GCC_WARN_64_TO_32_BIT_CONVERSION = YES;
				GCC_WARN_ABOUT_RETURN_TYPE = YES_ERROR;
				GCC_WARN_UNDECLARED_SELECTOR = YES;
				GCC_WARN_UNINITIALIZED_AUTOS = YES_AGGRESSIVE;
				GCC_WARN_UNUSED_FUNCTION = YES;
				GCC_WARN_UNUSED_VARIABLE = YES;
				IPHONEOS_DEPLOYMENT_TARGET = 12.0;
				MTL_ENABLE_DEBUG_INFO = NO;
				MTL_FAST_MATH = YES;
				SDKROOT = iphoneos;
				VALIDATE_PRODUCT = YES;
			};
			name = Release;
		};
		7A0610EA21B8BC6900029DCA /* Debug */ = {
			isa = XCBuildConfiguration;
			buildSettings = {
				ASSETCATALOG_COMPILER_APPICON_NAME = AppIcon;
				CODE_SIGN_STYLE = Automatic;
				INFOPLIST_FILE = Animation/Info.plist;
				LD_RUNPATH_SEARCH_PATHS = (
					"$(inherited)",
					"@executable_path/Frameworks",
				);
				PRODUCT_BUNDLE_IDENTIFIER = www.lwx.animation.Animation;
				PRODUCT_NAME = "$(TARGET_NAME)";
				TARGETED_DEVICE_FAMILY = "1,2";
			};
			name = Debug;
		};
		7A0610EB21B8BC6900029DCA /* Release */ = {
			isa = XCBuildConfiguration;
			buildSettings = {
				ASSETCATALOG_COMPILER_APPICON_NAME = AppIcon;
				CODE_SIGN_STYLE = Automatic;
				INFOPLIST_FILE = Animation/Info.plist;
				LD_RUNPATH_SEARCH_PATHS = (
					"$(inherited)",
					"@executable_path/Frameworks",
				);
				PRODUCT_BUNDLE_IDENTIFIER = www.lwx.animation.Animation;
				PRODUCT_NAME = "$(TARGET_NAME)";
				TARGETED_DEVICE_FAMILY = "1,2";
			};
			name = Release;
		};
		7A0610ED21B8BC6900029DCA /* Debug */ = {
			isa = XCBuildConfiguration;
			buildSettings = {
				BUNDLE_LOADER = "$(TEST_HOST)";
				CODE_SIGN_STYLE = Automatic;
				INFOPLIST_FILE = AnimationTests/Info.plist;
				LD_RUNPATH_SEARCH_PATHS = (
					"$(inherited)",
					"@executable_path/Frameworks",
					"@loader_path/Frameworks",
				);
				PRODUCT_BUNDLE_IDENTIFIER = www.lwx.animation.AnimationTests;
				PRODUCT_NAME = "$(TARGET_NAME)";
				TARGETED_DEVICE_FAMILY = "1,2";
				TEST_HOST = "$(BUILT_PRODUCTS_DIR)/Animation.app/Animation";
			};
			name = Debug;
		};
		7A0610EE21B8BC6900029DCA /* Release */ = {
			isa = XCBuildConfiguration;
			buildSettings = {
				BUNDLE_LOADER = "$(TEST_HOST)";
				CODE_SIGN_STYLE = Automatic;
				INFOPLIST_FILE = AnimationTests/Info.plist;
				LD_RUNPATH_SEARCH_PATHS = (
					"$(inherited)",
					"@executable_path/Frameworks",
					"@loader_path/Frameworks",
				);
				PRODUCT_BUNDLE_IDENTIFIER = www.lwx.animation.AnimationTests;
				PRODUCT_NAME = "$(TARGET_NAME)";
				TARGETED_DEVICE_FAMILY = "1,2";
				TEST_HOST = "$(BUILT_PRODUCTS_DIR)/Animation.app/Animation";
			};
			name = Release;
		};
		7A0610F021B8BC6900029DCA /* Debug */ = {
			isa = XCBuildConfiguration;
			buildSettings = {
				CODE_SIGN_STYLE = Automatic;
				INFOPLIST_FILE = AnimationUITests/Info.plist;
				LD_RUNPATH_SEARCH_PATHS = (
					"$(inherited)",
					"@executable_path/Frameworks",
					"@loader_path/Frameworks",
				);
				PRODUCT_BUNDLE_IDENTIFIER = www.lwx.animation.AnimationUITests;
				PRODUCT_NAME = "$(TARGET_NAME)";
				TARGETED_DEVICE_FAMILY = "1,2";
				TEST_TARGET_NAME = Animation;
			};
			name = Debug;
		};
		7A0610F121B8BC6900029DCA /* Release */ = {
			isa = XCBuildConfiguration;
			buildSettings = {
				CODE_SIGN_STYLE = Automatic;
				INFOPLIST_FILE = AnimationUITests/Info.plist;
				LD_RUNPATH_SEARCH_PATHS = (
					"$(inherited)",
					"@executable_path/Frameworks",
					"@loader_path/Frameworks",
				);
				PRODUCT_BUNDLE_IDENTIFIER = www.lwx.animation.AnimationUITests;
				PRODUCT_NAME = "$(TARGET_NAME)";
				TARGETED_DEVICE_FAMILY = "1,2";
				TEST_TARGET_NAME = Animation;
			};
			name = Release;
		};
/* End XCBuildConfiguration section */

/* Begin XCConfigurationList section */
		7A0610B821B8BC6800029DCA /* Build configuration list for PBXProject "Animation" */ = {
			isa = XCConfigurationList;
			buildConfigurations = (
				7A0610E721B8BC6900029DCA /* Debug */,
				7A0610E821B8BC6900029DCA /* Release */,
			);
			defaultConfigurationIsVisible = 0;
			defaultConfigurationName = Release;
		};
		7A0610E921B8BC6900029DCA /* Build configuration list for PBXNativeTarget "Animation" */ = {
			isa = XCConfigurationList;
			buildConfigurations = (
				7A0610EA21B8BC6900029DCA /* Debug */,
				7A0610EB21B8BC6900029DCA /* Release */,
			);
			defaultConfigurationIsVisible = 0;
			defaultConfigurationName = Release;
		};
		7A0610EC21B8BC6900029DCA /* Build configuration list for PBXNativeTarget "AnimationTests" */ = {
			isa = XCConfigurationList;
			buildConfigurations = (
				7A0610ED21B8BC6900029DCA /* Debug */,
				7A0610EE21B8BC6900029DCA /* Release */,
			);
			defaultConfigurationIsVisible = 0;
			defaultConfigurationName = Release;
		};
		7A0610EF21B8BC6900029DCA /* Build configuration list for PBXNativeTarget "AnimationUITests" */ = {
			isa = XCConfigurationList;
			buildConfigurations = (
				7A0610F021B8BC6900029DCA /* Debug */,
				7A0610F121B8BC6900029DCA /* Release */,
			);
			defaultConfigurationIsVisible = 0;
			defaultConfigurationName = Release;
		};
/* End XCConfigurationList section */
	};
	rootObject = 7A0610B521B8BC6800029DCA /* Project object */;
}
